{
  "name": "测试小程序",
  "lockfileVersion": 3,
  "requires": true,
  "packages": {
    "": {
      "dependencies": {
        "@dcloudio/types": "^3.4.8"
      }
    },
    "node_modules/@dcloudio/types": {
      "version": "3.4.8",
      "resolved": "https://registry.npmmirror.com/@dcloudio/types/-/types-3.4.8.tgz",
      "integrity": "sha512-IPXuoghLv7qNPOnRuP7vC5++MdRHhE0U7EMw9ia//uOh69fFXZiRTfoHd51+nzciD6R50gqYhbrCCZIxnxhM9Q==",
      "license": "Apache-2.0"
    }
  }
}
